{
  "lockfile-version": 1,
  "manifest": {
    "version": 1,
    "install": {
      "nodejs": {
        "pkg-path": "nodejs"
      },
      "pnpm": {
        "pkg-path": "pnpm"
      },
      "ruby": {
        "pkg-path": "ruby"
      }
    },
    "hook": {},
    "profile": {},
    "options": {}
  },
  "packages": [
    {
      "attr_path": "nodejs",
      "broken": false,
      "derivation": "/nix/store/05pp2jwx6ixg5hp3nnpi9s2md52iw4hl-nodejs-22.19.0.drv",
      "description": "Event-driven I/O framework for the V8 JavaScript engine",
      "install_id": "nodejs",
      "license": "MIT",
      "locked_url": "https://github.com/flox/nixpkgs?rev=8eaee110344796db060382e15d3af0a9fc396e0e",
      "name": "nodejs-22.19.0",
      "pname": "nodejs",
      "rev": "8eaee110344796db060382e15d3af0a9fc396e0e",
      "rev_count": 864002,
      "rev_date": "2025-09-19T10:20:10Z",
      "scrape_date": "2025-09-21T05:39:07.079664Z",
      "stabilities": [
        "unstable"
      ],
      "unfree": false,
      "version": "22.19.0",
      "outputs_to_install": [
        "out"
      ],
      "outputs": {
        "dev": "/nix/store/2haz1qvxgshwfnf34ds3ldhrw1fr19xl-nodejs-22.19.0-dev",
        "libv8": "/nix/store/9c8wh022ri1w080xykya778gkj9y23q0-nodejs-22.19.0-libv8",
        "out": "/nix/store/3scj3c1qxh5iclf8jy5hbl9pki40y77n-nodejs-22.19.0"
      },
      "system": "aarch64-darwin",
      "group": "toplevel",
      "priority": 5
    },
    {
      "attr_path": "nodejs",
      "broken": false,
      "derivation": "/nix/store/h8ngmzg6hh3fcal7s8jrx9giq39nmiym-nodejs-22.19.0.drv",
      "description": "Event-driven I/O framework for the V8 JavaScript engine",
      "install_id": "nodejs",
      "license": "MIT",
      "locked_url": "https://github.com/flox/nixpkgs?rev=8eaee110344796db060382e15d3af0a9fc396e0e",
      "name": "nodejs-22.19.0",
      "pname": "nodejs",
      "rev": "8eaee110344796db060382e15d3af0a9fc396e0e",
      "rev_count": 864002,
      "rev_date": "2025-09-19T10:20:10Z",
      "scrape_date": "2025-09-21T06:11:00.316307Z",
      "stabilities": [
        "unstable"
      ],
      "unfree": false,
      "version": "22.19.0",
      "outputs_to_install": [
        "out"
      ],
      "outputs": {
        "dev": "/nix/store/i7d7f38736nndmiawzmrx8ncyg12bzzh-nodejs-22.19.0-dev",
        "libv8": "/nix/store/vxims6ls362vhdzlzjxpwbw8vj8p5d0s-nodejs-22.19.0-libv8",
        "out": "/nix/store/13ar46sdd3qls1q4w35qv7v9a6wpj63c-nodejs-22.19.0"
      },
      "system": "aarch64-linux",
      "group": "toplevel",
      "priority": 5
    },
    {
      "attr_path": "nodejs",
      "broken": false,
      "derivation": "/nix/store/749rj64sb8ymn392frgwiq1bn1w1l303-nodejs-22.19.0.drv",
      "description": "Event-driven I/O framework for the V8 JavaScript engine",
      "install_id": "nodejs",
      "license": "MIT",
      "locked_url": "https://github.com/flox/nixpkgs?rev=8eaee110344796db060382e15d3af0a9fc396e0e",
      "name": "nodejs-22.19.0",
      "pname": "nodejs",
      "rev": "8eaee110344796db060382e15d3af0a9fc396e0e",
      "rev_count": 864002,
      "rev_date": "2025-09-19T10:20:10Z",
      "scrape_date": "2025-09-21T06:39:23.540032Z",
      "stabilities": [
        "unstable"
      ],
      "unfree": false,
      "version": "22.19.0",
      "outputs_to_install": [
        "out"
      ],
      "outputs": {
        "dev": "/nix/store/z08yd37bvr4w54qmkb65d9wzyv27xgrd-nodejs-22.19.0-dev",
        "libv8": "/nix/store/vpz64ylnvx5hm8mx8vx35inhpzbnkljq-nodejs-22.19.0-libv8",
        "out": "/nix/store/xgqkmyswq6s9jbdhvx6x8ix2jkj0jbip-nodejs-22.19.0"
      },
      "system": "x86_64-darwin",
      "group": "toplevel",
      "priority": 5
    },
    {
      "attr_path": "nodejs",
      "broken": false,
      "derivation": "/nix/store/2mqg4y2qz8kyk9xy96z1b80h3km40nch-nodejs-22.19.0.drv",
      "description": "Event-driven I/O framework for the V8 JavaScript engine",
      "install_id": "nodejs",
      "license": "MIT",
      "locked_url": "https://github.com/flox/nixpkgs?rev=8eaee110344796db060382e15d3af0a9fc396e0e",
      "name": "nodejs-22.19.0",
      "pname": "nodejs",
      "rev": "8eaee110344796db060382e15d3af0a9fc396e0e",
      "rev_count": 864002,
      "rev_date": "2025-09-19T10:20:10Z",
      "scrape_date": "2025-09-21T07:11:37.418783Z",
      "stabilities": [
        "unstable"
      ],
      "unfree": false,
      "version": "22.19.0",
      "outputs_to_install": [
        "out"
      ],
      "outputs": {
        "dev": "/nix/store/a99hiwhamgzds70gxkfnb4cm8i926356-nodejs-22.19.0-dev",
        "libv8": "/nix/store/z6bm3d1gzn39p4yxyga4q3b1spdsggy1-nodejs-22.19.0-libv8",
        "out": "/nix/store/r4557ald6zn4dzmvgh8na9vwnwzgrjgc-nodejs-22.19.0"
      },
      "system": "x86_64-linux",
      "group": "toplevel",
      "priority": 5
    },
    {
      "attr_path": "pnpm",
      "broken": false,
      "derivation": "/nix/store/ah3v6jf6g6d4z0qv14kxq07vqi64rr16-pnpm-10.15.1.drv",
      "description": "Fast, disk space efficient package manager for JavaScript",
      "install_id": "pnpm",
      "license": "MIT",
      "locked_url": "https://github.com/flox/nixpkgs?rev=8eaee110344796db060382e15d3af0a9fc396e0e",
      "name": "pnpm-10.15.1",
      "pname": "pnpm",
      "rev": "8eaee110344796db060382e15d3af0a9fc396e0e",
      "rev_count": 864002,
      "rev_date": "2025-09-19T10:20:10Z",
      "scrape_date": "2025-09-21T05:39:22.520152Z",
      "stabilities": [
        "unstable"
      ],
      "unfree": false,
      "version": "10.15.1",
      "outputs_to_install": [
        "out"
      ],
      "outputs": {
        "out": "/nix/store/90ny4gd9ybv7ggiri8mcqykdnh543x1g-pnpm-10.15.1"
      },
      "system": "aarch64-darwin",
      "group": "toplevel",
      "priority": 5
    },
    {
      "attr_path": "pnpm",
      "broken": false,
      "derivation": "/nix/store/yg0a33pf6lm8vlzq1zqmls1798v25mks-pnpm-10.15.1.drv",
      "description": "Fast, disk space efficient package manager for JavaScript",
      "install_id": "pnpm",
      "license": "MIT",
      "locked_url": "https://github.com/flox/nixpkgs?rev=8eaee110344796db060382e15d3af0a9fc396e0e",
      "name": "pnpm-10.15.1",
      "pname": "pnpm",
      "rev": "8eaee110344796db060382e15d3af0a9fc396e0e",
      "rev_count": 864002,
      "rev_date": "2025-09-19T10:20:10Z",
      "scrape_date": "2025-09-21T06:11:20.469274Z",
      "stabilities": [
        "unstable"
      ],
      "unfree": false,
      "version": "10.15.1",
      "outputs_to_install": [
        "out"
      ],
      "outputs": {
        "out": "/nix/store/06r4kxadlqa4c80gk62fp7ja1zzm7wa0-pnpm-10.15.1"
      },
      "system": "aarch64-linux",
      "group": "toplevel",
      "priority": 5
    },
    {
      "attr_path": "pnpm",
      "broken": false,
      "derivation": "/nix/store/yvhmmchh2fr80ql2hd10rwbvd55mfvzh-pnpm-10.15.1.drv",
      "description": "Fast, disk space efficient package manager for JavaScript",
      "install_id": "pnpm",
      "license": "MIT",
      "locked_url": "https://github.com/flox/nixpkgs?rev=8eaee110344796db060382e15d3af0a9fc396e0e",
      "name": "pnpm-10.15.1",
      "pname": "pnpm",
      "rev": "8eaee110344796db060382e15d3af0a9fc396e0e",
      "rev_count": 864002,
      "rev_date": "2025-09-19T10:20:10Z",
      "scrape_date": "2025-09-21T06:39:38.850370Z",
      "stabilities": [
        "unstable"
      ],
      "unfree": false,
      "version": "10.15.1",
      "outputs_to_install": [
        "out"
      ],
      "outputs": {
        "out": "/nix/store/jjbgra9mf7hzwx61nzi2n8k0v13k8cn2-pnpm-10.15.1"
      },
      "system": "x86_64-darwin",
      "group": "toplevel",
      "priority": 5
    },
    {
      "attr_path": "pnpm",
      "broken": false,
      "derivation": "/nix/store/lgi88q7vdx450hdg07x4inmh1g3sbmy6-pnpm-10.15.1.drv",
      "description": "Fast, disk space efficient package manager for JavaScript",
      "install_id": "pnpm",
      "license": "MIT",
      "locked_url": "https://github.com/flox/nixpkgs?rev=8eaee110344796db060382e15d3af0a9fc396e0e",
      "name": "pnpm-10.15.1",
      "pname": "pnpm",
      "rev": "8eaee110344796db060382e15d3af0a9fc396e0e",
      "rev_count": 864002,
      "rev_date": "2025-09-19T10:20:10Z",
      "scrape_date": "2025-09-21T07:11:59.631262Z",
      "stabilities": [
        "unstable"
      ],
      "unfree": false,
      "version": "10.15.1",
      "outputs_to_install": [
        "out"
      ],
      "outputs": {
        "out": "/nix/store/967gn7p1p47ic924r2fx4rgbfp49fhsy-pnpm-10.15.1"
      },
      "system": "x86_64-linux",
      "group": "toplevel",
      "priority": 5
    },
    {
      "attr_path": "ruby",
      "broken": false,
      "derivation": "/nix/store/hxxfl995w3h4y46s0587i511kww8cbvr-ruby-3.3.9.drv",
      "description": "Object-oriented language for quick and easy programming",
      "install_id": "ruby",
      "license": "Ruby",
      "locked_url": "https://github.com/flox/nixpkgs?rev=8eaee110344796db060382e15d3af0a9fc396e0e",
      "name": "ruby-3.3.9",
      "pname": "ruby",
      "rev": "8eaee110344796db060382e15d3af0a9fc396e0e",
      "rev_count": 864002,
      "rev_date": "2025-09-19T10:20:10Z",
      "scrape_date": "2025-09-21T05:40:15.872938Z",
      "stabilities": [
        "unstable"
      ],
      "unfree": false,
      "version": "3.3.9",
      "outputs_to_install": [
        "out"
      ],
      "outputs": {
        "devdoc": "/nix/store/c87jvm51yx1wyabjcmlfncrx24j48n1z-ruby-3.3.9-devdoc",
        "out": "/nix/store/b2jray7ww0d2640z53kdzs5kpp9m3zh7-ruby-3.3.9"
      },
      "system": "aarch64-darwin",
      "group": "toplevel",
      "priority": 5
    },
    {
      "attr_path": "ruby",
      "broken": false,
      "derivation": "/nix/store/v2gxdjjbnc0bamwjw7rbncz23pqk3wqb-ruby-3.3.9.drv",
      "description": "Object-oriented language for quick and easy programming",
      "install_id": "ruby",
      "license": "Ruby",
      "locked_url": "https://github.com/flox/nixpkgs?rev=8eaee110344796db060382e15d3af0a9fc396e0e",
      "name": "ruby-3.3.9",
      "pname": "ruby",
      "rev": "8eaee110344796db060382e15d3af0a9fc396e0e",
      "rev_count": 864002,
      "rev_date": "2025-09-19T10:20:10Z",
      "scrape_date": "2025-09-21T06:12:22.494281Z",
      "stabilities": [
        "unstable"
      ],
      "unfree": false,
      "version": "3.3.9",
      "outputs_to_install": [
        "out"
      ],
      "outputs": {
        "devdoc": "/nix/store/izqvjzd7nmh7yjwkdsi95kc9bjf34mwp-ruby-3.3.9-devdoc",
        "out": "/nix/store/6avvhisrha25x9p438lhq0pln019bc7q-ruby-3.3.9"
      },
      "system": "aarch64-linux",
      "group": "toplevel",
      "priority": 5
    },
    {
      "attr_path": "ruby",
      "broken": false,
      "derivation": "/nix/store/bbyy305974g1cvazzq30bz0qh2d8jjrs-ruby-3.3.9.drv",
      "description": "Object-oriented language for quick and easy programming",
      "install_id": "ruby",
      "license": "Ruby",
      "locked_url": "https://github.com/flox/nixpkgs?rev=8eaee110344796db060382e15d3af0a9fc396e0e",
      "name": "ruby-3.3.9",
      "pname": "ruby",
      "rev": "8eaee110344796db060382e15d3af0a9fc396e0e",
      "rev_count": 864002,
      "rev_date": "2025-09-19T10:20:10Z",
      "scrape_date": "2025-09-21T06:40:30.273010Z",
      "stabilities": [
        "unstable"
      ],
      "unfree": false,
      "version": "3.3.9",
      "outputs_to_install": [
        "out"
      ],
      "outputs": {
        "devdoc": "/nix/store/0r6dfj6n0hj9lw6sqwgr961pgxr6qy6r-ruby-3.3.9-devdoc",
        "out": "/nix/store/54iz5i3x0m6x3brr9dfy2pj92qfr2lkn-ruby-3.3.9"
      },
      "system": "x86_64-darwin",
      "group": "toplevel",
      "priority": 5
    },
    {
      "attr_path": "ruby",
      "broken": false,
      "derivation": "/nix/store/kmx8kkggm5i2r17s6l67v022jz9gc4c5-ruby-3.3.9.drv",
      "description": "Object-oriented language for quick and easy programming",
      "install_id": "ruby",
      "license": "Ruby",
      "locked_url": "https://github.com/flox/nixpkgs?rev=8eaee110344796db060382e15d3af0a9fc396e0e",
      "name": "ruby-3.3.9",
      "pname": "ruby",
      "rev": "8eaee110344796db060382e15d3af0a9fc396e0e",
      "rev_count": 864002,
      "rev_date": "2025-09-19T10:20:10Z",
      "scrape_date": "2025-09-21T07:13:08.861364Z",
      "stabilities": [
        "unstable"
      ],
      "unfree": false,
      "version": "3.3.9",
      "outputs_to_install": [
        "out"
      ],
      "outputs": {
        "devdoc": "/nix/store/mhaqxxmavvvsy6p2vb1qi3s02z1d2315-ruby-3.3.9-devdoc",
        "out": "/nix/store/mp4rpz283gw3abvxyb4lbh4vp9pmayp2-ruby-3.3.9"
      },
      "system": "x86_64-linux",
      "group": "toplevel",
      "priority": 5
    }
  ]
}